version: 6
environments:
  default:
    channels:
    - url: https://conda.anaconda.org/conda-forge/
    - url: https://conda.anaconda.org/anaconda/
    - url: https://conda.anaconda.org/main/
    packages:
      linux-64:
      - conda: https://conda.anaconda.org/conda-forge/linux-64/_libgcc_mutex-0.1-conda_forge.tar.bz2
      - conda: https://conda.anaconda.org/conda-forge/linux-64/_openmp_mutex-4.5-2_gnu.tar.bz2
      - conda: https://conda.anaconda.org/conda-forge/linux-64/binutils-2.43-h4852527_2.conda
      - conda: https://conda.anaconda.org/conda-forge/linux-64/binutils_impl_linux-64-2.43-h4bf12b8_2.conda
      - conda: https://conda.anaconda.org/conda-forge/linux-64/binutils_linux-64-2.43-h4852527_2.conda
      - conda: https://conda.anaconda.org/conda-forge/linux-64/c-compiler-1.8.0-h2b85faf_1.conda
      - conda: https://conda.anaconda.org/conda-forge/linux-64/cxx-compiler-1.8.0-h1a2810e_1.conda
      - conda: https://conda.anaconda.org/conda-forge/linux-64/gcc-13.3.0-h9576a4e_1.conda
      - conda: https://conda.anaconda.org/conda-forge/linux-64/gcc_impl_linux-64-13.3.0-hfea6d02_1.conda
      - conda: https://conda.anaconda.org/conda-forge/linux-64/gcc_linux-64-13.3.0-hc28eda2_7.conda
      - conda: https://conda.anaconda.org/conda-forge/linux-64/gxx-13.3.0-h9576a4e_1.conda
      - conda: https://conda.anaconda.org/conda-forge/linux-64/gxx_impl_linux-64-13.3.0-hdbfa832_1.conda
      - conda: https://conda.anaconda.org/conda-forge/linux-64/gxx_linux-64-13.3.0-h6834431_7.conda
      - conda: https://conda.anaconda.org/conda-forge/noarch/kernel-headers_linux-64-3.10.0-he073ed8_18.conda
      - conda: https://conda.anaconda.org/conda-forge/linux-64/ld_impl_linux-64-2.43-h712a8e2_2.conda
      - conda: https://conda.anaconda.org/conda-forge/linux-64/libgcc-14.2.0-h77fa898_1.conda
      - conda: https://conda.anaconda.org/conda-forge/noarch/libgcc-devel_linux-64-13.3.0-h84ea5a7_101.conda
      - conda: https://conda.anaconda.org/conda-forge/linux-64/libgomp-14.2.0-h77fa898_1.conda
      - conda: https://conda.anaconda.org/conda-forge/linux-64/libsanitizer-13.3.0-heb74ff8_1.conda
      - conda: https://conda.anaconda.org/conda-forge/linux-64/libstdcxx-14.2.0-hc0a3c3a_1.conda
      - conda: https://conda.anaconda.org/conda-forge/noarch/libstdcxx-devel_linux-64-13.3.0-h84ea5a7_101.conda
      - conda: https://conda.anaconda.org/conda-forge/linux-64/libzlib-1.3.1-hb9d3cd8_2.conda
      - conda: https://conda.anaconda.org/conda-forge/linux-64/rust-1.82.0-h1a8d7c4_1.conda
      - conda: https://conda.anaconda.org/conda-forge/noarch/rust-std-x86_64-unknown-linux-gnu-1.82.0-h2c6d0dc_1.conda
      - conda: https://conda.anaconda.org/conda-forge/noarch/sysroot_linux-64-2.17-h4a8ded7_18.conda
      - conda: https://conda.anaconda.org/conda-forge/noarch/tzdata-2024b-hc8b5060_0.conda
      osx-arm64:
      - conda: https://conda.anaconda.org/conda-forge/osx-arm64/c-compiler-1.8.0-hf48404e_1.conda
      - conda: https://conda.anaconda.org/conda-forge/osx-arm64/ca-certificates-2024.8.30-hf0a4a13_0.conda
      - conda: https://conda.anaconda.org/conda-forge/osx-arm64/cctools-1010.6-hf67d63f_2.conda
      - conda: https://conda.anaconda.org/conda-forge/osx-arm64/cctools_osx-arm64-1010.6-h623e0ac_2.conda
      - conda: https://conda.anaconda.org/conda-forge/osx-arm64/clang-17-17.0.6-default_h146c034_7.conda
      - conda: https://conda.anaconda.org/conda-forge/osx-arm64/clang-17.0.6-default_h360f5da_7.conda
      - conda: https://conda.anaconda.org/conda-forge/osx-arm64/clang_impl_osx-arm64-17.0.6-he47c785_23.conda
      - conda: https://conda.anaconda.org/conda-forge/osx-arm64/clang_osx-arm64-17.0.6-h07b0088_23.conda
      - conda: https://conda.anaconda.org/conda-forge/osx-arm64/clangxx-17.0.6-default_h360f5da_7.conda
      - conda: https://conda.anaconda.org/conda-forge/osx-arm64/clangxx_impl_osx-arm64-17.0.6-h50f59cd_23.conda
      - conda: https://conda.anaconda.org/conda-forge/osx-arm64/clangxx_osx-arm64-17.0.6-h07b0088_23.conda
      - conda: https://conda.anaconda.org/conda-forge/osx-arm64/compiler-rt-17.0.6-h856b3c1_2.conda
      - conda: https://conda.anaconda.org/conda-forge/noarch/compiler-rt_osx-arm64-17.0.6-h832e737_2.conda
      - conda: https://conda.anaconda.org/conda-forge/osx-arm64/cxx-compiler-1.8.0-h18dbf2f_1.conda
      - conda: https://conda.anaconda.org/conda-forge/osx-arm64/icu-75.1-hfee45f7_0.conda
      - conda: https://conda.anaconda.org/conda-forge/osx-arm64/ld64-951.9-h39a299f_2.conda
      - conda: https://conda.anaconda.org/conda-forge/osx-arm64/ld64_osx-arm64-951.9-h3f9b568_2.conda
      - conda: https://conda.anaconda.org/conda-forge/osx-arm64/libclang-cpp17-17.0.6-default_h146c034_7.conda
      - conda: https://conda.anaconda.org/conda-forge/osx-arm64/libcxx-19.1.5-ha82da77_0.conda
      - conda: https://conda.anaconda.org/conda-forge/osx-arm64/libcxx-devel-17.0.6-h86353a2_6.conda
      - conda: https://conda.anaconda.org/conda-forge/osx-arm64/libiconv-1.17-h0d3ecfb_2.conda
      - conda: https://conda.anaconda.org/conda-forge/osx-arm64/libllvm17-17.0.6-h5090b49_2.conda
      - conda: https://conda.anaconda.org/conda-forge/osx-arm64/liblzma-5.6.3-h39f12f2_1.conda
      - conda: https://conda.anaconda.org/conda-forge/osx-arm64/libxml2-2.13.5-h178c5d8_1.conda
      - conda: https://conda.anaconda.org/conda-forge/osx-arm64/libzlib-1.3.1-h8359307_2.conda
      - conda: https://conda.anaconda.org/conda-forge/osx-arm64/llvm-openmp-19.1.5-hdb05f8b_0.conda
      - conda: https://conda.anaconda.org/conda-forge/osx-arm64/llvm-tools-17.0.6-h5090b49_2.conda
      - conda: https://conda.anaconda.org/conda-forge/osx-arm64/ncurses-6.5-h7bae524_1.conda
      - conda: https://conda.anaconda.org/conda-forge/osx-arm64/openssl-3.4.0-h39f12f2_0.conda
      - conda: https://conda.anaconda.org/conda-forge/osx-arm64/rust-1.82.0-h4ff7c5d_1.conda
      - conda: https://conda.anaconda.org/conda-forge/noarch/rust-std-aarch64-apple-darwin-1.82.0-hf6ec828_1.conda
      - conda: https://conda.anaconda.org/conda-forge/osx-arm64/sigtool-0.1.3-h44b9a77_0.tar.bz2
      - conda: https://conda.anaconda.org/conda-forge/osx-arm64/tapi-1300.6.5-h03f4b80_0.conda
      - conda: https://conda.anaconda.org/conda-forge/osx-arm64/zstd-1.5.6-hb46c0d2_0.conda
      win-64:
      - conda: https://conda.anaconda.org/conda-forge/win-64/cxx-compiler-1.8.0-h91493d7_1.conda
      - conda: https://conda.anaconda.org/conda-forge/win-64/rust-1.82.0-hf8d6059_1.conda
      - conda: https://conda.anaconda.org/conda-forge/noarch/rust-std-x86_64-pc-windows-msvc-1.82.0-h17fc481_1.conda
      - conda: https://conda.anaconda.org/conda-forge/win-64/vs2019_win-64-19.29.30139-he1865b1_23.conda
      - conda: https://conda.anaconda.org/conda-forge/win-64/vswhere-3.1.7-h57928b3_0.conda
packages:
- conda: https://conda.anaconda.org/conda-forge/linux-64/_libgcc_mutex-0.1-conda_forge.tar.bz2
  sha256: fe51de6107f9edc7aa4f786a70f4a883943bc9d39b3bb7307c04c41410990726
  md5: d7c89558ba9fa0495403155b64376d81
  arch: x86_64
  platform: linux
  license: None
  size: 2562
  timestamp: 1578324546067
- conda: https://conda.anaconda.org/conda-forge/linux-64/_openmp_mutex-4.5-2_gnu.tar.bz2
  build_number: 16
  sha256: fbe2c5e56a653bebb982eda4876a9178aedfc2b545f25d0ce9c4c0b508253d22
  md5: 73aaf86a425cc6e73fcf236a5a46396d
  depends:
  - _libgcc_mutex 0.1 conda_forge
  - libgomp >=7.5.0
  constrains:
  - openmp_impl 9999
  arch: x86_64
  platform: linux
  license: BSD-3-Clause
  license_family: BSD
  size: 23621
  timestamp: 1650670423406
- conda: https://conda.anaconda.org/conda-forge/linux-64/binutils-2.43-h4852527_2.conda
  sha256: 92be0f8ccd501ceeb3c782e2182e6ea04dca46799038176de40a57bca45512c5
  md5: 348619f90eee04901f4a70615efff35b
  depends:
  - binutils_impl_linux-64 >=2.43,<2.44.0a0
  arch: x86_64
  platform: linux
  license: GPL-3.0-only
  license_family: GPL
  size: 33876
  timestamp: 1729655402186
- conda: https://conda.anaconda.org/conda-forge/linux-64/binutils_impl_linux-64-2.43-h4bf12b8_2.conda
  sha256: 267e78990247369b13234bda270f31beb56a600b4851a8244e31dd9ad85b3b17
  md5: cf0c5521ac2a20dfa6c662a4009eeef6
  depends:
  - ld_impl_linux-64 2.43 h712a8e2_2
  - sysroot_linux-64
  arch: x86_64
  platform: linux
  license: GPL-3.0-only
  license_family: GPL
  size: 5682777
  timestamp: 1729655371045
- conda: https://conda.anaconda.org/conda-forge/linux-64/binutils_linux-64-2.43-h4852527_2.conda
  sha256: df52bd8b8b2a20a0c529d9ad08aaf66093ac318aa8a33d270f18274341a77062
  md5: 18aba879ddf1f8f28145ca6fcb873d8c
  depends:
  - binutils_impl_linux-64 2.43 h4bf12b8_2
  arch: x86_64
  platform: linux
  license: GPL-3.0-only
  license_family: GPL
  size: 34945
  timestamp: 1729655404893
- conda: https://conda.anaconda.org/conda-forge/linux-64/c-compiler-1.8.0-h2b85faf_1.conda
  sha256: 009fced27be14e5ac750a04111a07eda79d73f80009300c1538cb83d5da71879
  md5: fa7b3bf2965b9d74a81a0702d9bb49ee
  depends:
  - binutils
  - gcc
  - gcc_linux-64 13.*
  arch: x86_64
  platform: linux
  license: BSD-3-Clause
  license_family: BSD
  size: 6085
  timestamp: 1728985300402
- conda: https://conda.anaconda.org/conda-forge/osx-arm64/c-compiler-1.8.0-hf48404e_1.conda
  sha256: 64245f90755c314f61d48b38fc7b82270b709f88204789895f7c4b2b84204992
  md5: 429476dcb80c4f9087cd8ac1fa2183d1
  depends:
  - cctools >=949.0.1
  - clang_osx-arm64 17.*
  - ld64 >=530
  - llvm-openmp
  arch: arm64
  platform: osx
  license: BSD-3-Clause
  license_family: BSD
  size: 6220
  timestamp: 1728985386241
- conda: https://conda.anaconda.org/conda-forge/osx-arm64/ca-certificates-2024.8.30-hf0a4a13_0.conda
  sha256: 2db1733f4b644575dbbdd7994a8f338e6ef937f5ebdb74acd557e9dda0211709
  md5: 40dec13fd8348dbe303e57be74bd3d35
  arch: arm64
  platform: osx
  license: ISC
  size: 158482
  timestamp: 1725019034582
- conda: https://conda.anaconda.org/conda-forge/osx-arm64/cctools-1010.6-hf67d63f_2.conda
  sha256: 5cd748e93968df7a3575f5cd051fb387ca0b1753537374e8c9270d44315186d2
  md5: 409225e7241a0099a81ce5fc0f3576d8
  depends:
  - cctools_osx-arm64 1010.6 h623e0ac_2
  - ld64 951.9 h39a299f_2
  - libllvm17 >=17.0.6,<17.1.0a0
  arch: arm64
  platform: osx
  license: APSL-2.0
  license_family: Other
  size: 21118
  timestamp: 1732552617055
- conda: https://conda.anaconda.org/conda-forge/osx-arm64/cctools_osx-arm64-1010.6-h623e0ac_2.conda
  sha256: 1293ba9599964813cd5b7de3ef5b2a34f8c728f04f030add1d2daaa770563651
  md5: c667893c4bda0bd15dea9ae36e943c94
  depends:
  - __osx >=11.0
  - ld64_osx-arm64 >=951.9,<951.10.0a0
  - libcxx
  - libllvm17 >=17.0.6,<17.1.0a0
  - libzlib >=1.3.1,<2.0a0
  - llvm-tools 17.0.*
  - sigtool
  constrains:
  - cctools 1010.6.*
  - ld64 951.9.*
  - clang 17.0.*
  arch: arm64
  platform: osx
  license: APSL-2.0
  license_family: Other
  size: 1101877
  timestamp: 1732552573870
- conda: https://conda.anaconda.org/conda-forge/osx-arm64/clang-17.0.6-default_h360f5da_7.conda
  sha256: 3caeb933e74561c834074ef1617aa721c10e6b08c1fed9d5180c82a9ba18b5f2
  md5: c98bdbd4985530fac68ea4831d053ba1
  depends:
  - clang-17 17.0.6 default_h146c034_7
  arch: arm64
  platform: osx
  license: Apache-2.0 WITH LLVM-exception
  license_family: Apache
  size: 24105
  timestamp: 1725505775351
- conda: https://conda.anaconda.org/conda-forge/osx-arm64/clang-17-17.0.6-default_h146c034_7.conda
  sha256: f9e40e5402ab78543553e7bc0437dfeed42d43f486395b66dd55ea0fd819b789
  md5: 585064b6856cb3e719343e3362ea828b
  depends:
  - __osx >=11.0
  - libclang-cpp17 17.0.6 default_h146c034_7
  - libcxx >=17.0.6
  - libllvm17 >=17.0.6,<17.1.0a0
  constrains:
  - clangxx 17.0.6
  - clang-tools 17.0.6
  - clangdev 17.0.6
  - llvm-tools 17.0.6
  arch: arm64
  platform: osx
  license: Apache-2.0 WITH LLVM-exception
  license_family: Apache
  size: 715930
  timestamp: 1725505694198
- conda: https://conda.anaconda.org/conda-forge/osx-arm64/clang_impl_osx-arm64-17.0.6-he47c785_23.conda
  sha256: 7a5999645f66f12f8ff9f07ead73d3552f79fff09675487ec1f4f087569587e1
  md5: 519e4d9eb59dd0a1484e509dcc789217
  depends:
  - cctools_osx-arm64
  - clang 17.0.6.*
  - compiler-rt 17.0.6.*
  - ld64_osx-arm64
  - llvm-tools 17.0.6.*
  arch: arm64
  platform: osx
  license: BSD-3-Clause
  license_family: BSD
  size: 17965
  timestamp: 1731984992637
- conda: https://conda.anaconda.org/conda-forge/osx-arm64/clang_osx-arm64-17.0.6-h07b0088_23.conda
  sha256: ccafb62b45d71f646f0ca925fc7342d093fe5ea17ceeb15b84f1c277fc716295
  md5: cf5bbfc8b558c41d2a4ba17f5cabb48c
  depends:
  - clang_impl_osx-arm64 17.0.6 he47c785_23
  arch: arm64
  platform: osx
  license: BSD-3-Clause
  license_family: BSD
  size: 21177
  timestamp: 1731984996665
- conda: https://conda.anaconda.org/conda-forge/osx-arm64/clangxx-17.0.6-default_h360f5da_7.conda
  sha256: 73a87fe4a31494cdc5d74aacf9d08f560e4468795547f06290ee6a7bb128f61c
  md5: 0bb5cea65ab3457812707537603a3619
  depends:
  - clang 17.0.6 default_h360f5da_7
  - libcxx-devel 17.0.6.*
  arch: arm64
  platform: osx
  license: Apache-2.0 WITH LLVM-exception
  license_family: Apache
  size: 24168
  timestamp: 1725505786435
- conda: https://conda.anaconda.org/conda-forge/osx-arm64/clangxx_impl_osx-arm64-17.0.6-h50f59cd_23.conda
  sha256: 7b975e2a1e141769ba4bc45792d145c68a72923465355d3f83ad60450529e01f
  md5: d086b99e198e21b3b29d2847cade1fce
  depends:
  - clang_osx-arm64 17.0.6 h07b0088_23
  - clangxx 17.0.6.*
  - libcxx >=17
  - libllvm17 >=17.0.6,<17.1.0a0
  arch: arm64
  platform: osx
  license: BSD-3-Clause
  license_family: BSD
  size: 18005
  timestamp: 1731985015782
- conda: https://conda.anaconda.org/conda-forge/osx-arm64/clangxx_osx-arm64-17.0.6-h07b0088_23.conda
  sha256: 58c65adb2e03209ec1dcd926c3256a3a188d6cfa23a89b7fcaa6c9ff56a0f364
  md5: 743758f55670a6a9a0c93010cd497801
  depends:
  - clang_osx-arm64 17.0.6 h07b0088_23
  - clangxx_impl_osx-arm64 17.0.6 h50f59cd_23
  arch: arm64
  platform: osx
  license: BSD-3-Clause
  license_family: BSD
  size: 19581
  timestamp: 1731985020343
- conda: https://conda.anaconda.org/conda-forge/osx-arm64/compiler-rt-17.0.6-h856b3c1_2.conda
  sha256: 91f4a6b80b7802432146a399944c20410e058dfb57ca6d738c0affb79cbdebbb
  md5: 2d00ff8e98c163de45a7c85774094012
  depends:
  - __osx >=11.0
  - clang 17.0.6.*
  - clangxx 17.0.6.*
  - compiler-rt_osx-arm64 17.0.6.*
  arch: arm64
  platform: osx
  license: Apache-2.0 WITH LLVM-exception
  license_family: APACHE
  size: 94878
  timestamp: 1725251190741
- conda: https://conda.anaconda.org/conda-forge/noarch/compiler-rt_osx-arm64-17.0.6-h832e737_2.conda
  sha256: 74d63f7f91a9482262d80490fafd39275121f4cb273f293e7d9fe91934837666
  md5: 58fd1fa30d8b0795f33a7e79893b11cc
  depends:
  - clang 17.0.6.*
  - clangxx 17.0.6.*
  constrains:
  - compiler-rt 17.0.6
  license: Apache-2.0 WITH LLVM-exception
  license_family: APACHE
  size: 10369238
  timestamp: 1725251155195
- conda: https://conda.anaconda.org/conda-forge/linux-64/cxx-compiler-1.8.0-h1a2810e_1.conda
  sha256: cca0450bbc0d19044107d0f90fa36126a11b007fbfb62bd2a1949b2bb59a21a4
  md5: 3bb4907086d7187bf01c8bec397ffa5e
  depends:
  - c-compiler 1.8.0 h2b85faf_1
  - gxx
  - gxx_linux-64 13.*
  arch: x86_64
  platform: linux
  license: BSD-3-Clause
  license_family: BSD
  size: 6059
  timestamp: 1728985302835
- conda: https://conda.anaconda.org/conda-forge/osx-arm64/cxx-compiler-1.8.0-h18dbf2f_1.conda
  sha256: bcadda695b13087920650adf43a599b66745dfb4bfc3b425169547d76082dcf2
  md5: a1bc5417ab20b451ee141ca3290df479
  depends:
  - c-compiler 1.8.0 hf48404e_1
  - clangxx_osx-arm64 17.*
  arch: arm64
  platform: osx
  license: BSD-3-Clause
  license_family: BSD
  size: 6261
  timestamp: 1728985417226
- conda: https://conda.anaconda.org/conda-forge/win-64/cxx-compiler-1.8.0-h91493d7_1.conda
  sha256: c6065df2e055a0392207f512bfa12d7a0e849f5e1a5435a3db9c60ae20bded9b
  md5: 54d722a127a10b59596b5640d58f7ae6
  depends:
  - vs2019_win-64
  arch: x86_64
  platform: win
  license: BSD-3-Clause
  license_family: BSD
  size: 6549
  timestamp: 1728985390855
- conda: https://conda.anaconda.org/conda-forge/linux-64/gcc-13.3.0-h9576a4e_1.conda
  sha256: d0161362430183cbdbc3db9cf95f9a1af1793027f3ab8755b3d3586deb28bf84
  md5: 606924335b5bcdf90e9aed9a2f5d22ed
  depends:
  - gcc_impl_linux-64 13.3.0.*
  arch: x86_64
  platform: linux
  license: BSD-3-Clause
  license_family: BSD
  size: 53864
  timestamp: 1724801360210
- conda: https://conda.anaconda.org/conda-forge/linux-64/gcc_impl_linux-64-13.3.0-hfea6d02_1.conda
  sha256: 998ade1d487e93fc8a7a16b90e2af69ebb227355bf4646488661f7ae5887873c
  md5: 0d043dbc126b64f79d915a0e96d3a1d5
  depends:
  - binutils_impl_linux-64 >=2.40
  - libgcc >=13.3.0
  - libgcc-devel_linux-64 13.3.0 h84ea5a7_101
  - libgomp >=13.3.0
  - libsanitizer 13.3.0 heb74ff8_1
  - libstdcxx >=13.3.0
  - sysroot_linux-64
  arch: x86_64
  platform: linux
  license: GPL-3.0-only WITH GCC-exception-3.1
  license_family: GPL
  size: 67464415
  timestamp: 1724801227937
- conda: https://conda.anaconda.org/conda-forge/linux-64/gcc_linux-64-13.3.0-hc28eda2_7.conda
  sha256: 1e5ac50580a68fdc7d2f5722abcf1a87898c24b1ab6eb5ecd322634742d93645
  md5: ac23afbf5805389eb771e2ad3b476f75
  depends:
  - binutils_linux-64
  - gcc_impl_linux-64 13.3.0.*
  - sysroot_linux-64
  arch: x86_64
  platform: linux
  license: BSD-3-Clause
  license_family: BSD
  size: 32005
  timestamp: 1731939593317
- conda: https://conda.anaconda.org/conda-forge/linux-64/gxx-13.3.0-h9576a4e_1.conda
  sha256: 5446f5d1d609d996579f706d2020e83ef48e086d943bfeef7ab807ea246888a0
  md5: 209182ca6b20aeff62f442e843961d81
  depends:
  - gcc 13.3.0.*
  - gxx_impl_linux-64 13.3.0.*
  arch: x86_64
  platform: linux
  license: BSD-3-Clause
  license_family: BSD
  size: 53338
  timestamp: 1724801498389
- conda: https://conda.anaconda.org/conda-forge/linux-64/gxx_impl_linux-64-13.3.0-hdbfa832_1.conda
  sha256: 746dff24bb1efc89ab0ec108838d0711683054e3bbbcb94d042943410a98eca1
  md5: 806367e23a0a6ad21e51875b34c57d7e
  depends:
  - gcc_impl_linux-64 13.3.0 hfea6d02_1
  - libstdcxx-devel_linux-64 13.3.0 h84ea5a7_101
  - sysroot_linux-64
  - tzdata
  arch: x86_64
  platform: linux
  license: GPL-3.0-only WITH GCC-exception-3.1
  license_family: GPL
  size: 13337720
  timestamp: 1724801455825
- conda: https://conda.anaconda.org/conda-forge/linux-64/gxx_linux-64-13.3.0-h6834431_7.conda
  sha256: a9b1ffea76f2cc5aedeead4793fcded7a687cce9d5e3f4fe93629f1b1d5043a6
  md5: 7c82ca9bda609b6f72f670e4219d3787
  depends:
  - binutils_linux-64
  - gcc_linux-64 13.3.0 hc28eda2_7
  - gxx_impl_linux-64 13.3.0.*
  - sysroot_linux-64
  arch: x86_64
  platform: linux
  license: BSD-3-Clause
  license_family: BSD
  size: 30356
  timestamp: 1731939612705
- conda: https://conda.anaconda.org/conda-forge/osx-arm64/icu-75.1-hfee45f7_0.conda
  sha256: 9ba12c93406f3df5ab0a43db8a4b4ef67a5871dfd401010fbe29b218b2cbe620
  md5: 5eb22c1d7b3fc4abb50d92d621583137
  depends:
  - __osx >=11.0
  arch: arm64
  platform: osx
  license: MIT
  license_family: MIT
  size: 11857802
  timestamp: 1720853997952
- conda: https://conda.anaconda.org/conda-forge/noarch/kernel-headers_linux-64-3.10.0-he073ed8_18.conda
  sha256: a922841ad80bd7b222502e65c07ecb67e4176c4fa5b03678a005f39fcc98be4b
  md5: ad8527bf134a90e1c9ed35fa0b64318c
  constrains:
  - sysroot_linux-64 ==2.17
  license: LGPL-2.0-or-later AND LGPL-2.0-or-later WITH exceptions AND GPL-2.0-or-later AND MPL-2.0
  license_family: GPL
  size: 943486
  timestamp: 1729794504440
- conda: https://conda.anaconda.org/conda-forge/osx-arm64/ld64-951.9-h39a299f_2.conda
  sha256: 041d712eadca1911fac7112171db5c5c2e478c75b65ae4663005c49b77c65a45
  md5: caf11d8b84c7dd198309056dbd457b86
  depends:
  - ld64_osx-arm64 951.9 h3f9b568_2
  - libllvm17 >=17.0.6,<17.1.0a0
  constrains:
  - cctools 1010.6.*
  - cctools_osx-arm64 1010.6.*
  arch: arm64
  platform: osx
  license: APSL-2.0
  license_family: Other
  size: 18503
  timestamp: 1732552594547
- conda: https://conda.anaconda.org/conda-forge/osx-arm64/ld64_osx-arm64-951.9-h3f9b568_2.conda
  sha256: c67453a58870ce19b6acaa1d0db2c49848b7584c062d969f5d06c82ebd1454ef
  md5: 68841f5b5956607ea9760cafa14271c5
  depends:
  - __osx >=11.0
  - libcxx
  - libllvm17 >=17.0.6,<17.1.0a0
  - sigtool
  - tapi >=1300.6.5,<1301.0a0
  constrains:
  - cctools 1010.6.*
  - cctools_osx-arm64 1010.6.*
  - clang >=17.0.6,<18.0a0
  - ld 951.9.*
  arch: arm64
  platform: osx
  license: APSL-2.0
  license_family: Other
  size: 1017788
  timestamp: 1732552505749
- conda: https://conda.anaconda.org/conda-forge/linux-64/ld_impl_linux-64-2.43-h712a8e2_2.conda
  sha256: 7c91cea91b13f4314d125d1bedb9d03a29ebbd5080ccdea70260363424646dbe
  md5: 048b02e3962f066da18efe3a21b77672
  depends:
  - __glibc >=2.17,<3.0.a0
  constrains:
  - binutils_impl_linux-64 2.43
  arch: x86_64
  platform: linux
  license: GPL-3.0-only
  license_family: GPL
  size: 669211
  timestamp: 1729655358674
- conda: https://conda.anaconda.org/conda-forge/osx-arm64/libclang-cpp17-17.0.6-default_h146c034_7.conda
  sha256: 2e338629ae19faae0d1a85543b8c84441ead61957cf69a65c0031d5b18ebac08
  md5: bc6797a6a66ec6f919cc8d4d9285b11c
  depends:
  - __osx >=11.0
  - libcxx >=17.0.6
  - libllvm17 >=17.0.6,<17.1.0a0
  arch: arm64
  platform: osx
  license: Apache-2.0 WITH LLVM-exception
  license_family: Apache
  size: 12408943
  timestamp: 1725505311206
- conda: https://conda.anaconda.org/conda-forge/osx-arm64/libcxx-19.1.5-ha82da77_0.conda
  sha256: 7918cc0bb7a6554cdd3eee634c3dc414a1ab8ec49faeca1567367bb92118f9d7
  md5: 3c7be0df28ccda1d193ea6de56dcb5ff
  depends:
  - __osx >=11.0
  arch: arm64
  platform: osx
  license: Apache-2.0 WITH LLVM-exception
  license_family: Apache
  size: 519819
  timestamp: 1733291654212
- conda: https://conda.anaconda.org/conda-forge/osx-arm64/libcxx-devel-17.0.6-h86353a2_6.conda
  sha256: 914cc589f356dfc64ddc4f0dc305fce401356b688730b62e24b4f52358595a58
  md5: 555639d6c7a4c6838cec6e50453fea43
  depends:
  - libcxx >=17.0.6
  arch: arm64
  platform: osx
  license: Apache-2.0 WITH LLVM-exception
  license_family: Apache
  size: 820887
  timestamp: 1725403726157
- conda: https://conda.anaconda.org/conda-forge/linux-64/libgcc-14.2.0-h77fa898_1.conda
  sha256: 53eb8a79365e58849e7b1a068d31f4f9e718dc938d6f2c03e960345739a03569
  md5: 3cb76c3f10d3bc7f1105b2fc9db984df
  depends:
  - _libgcc_mutex 0.1 conda_forge
  - _openmp_mutex >=4.5
  constrains:
  - libgomp 14.2.0 h77fa898_1
  - libgcc-ng ==14.2.0=*_1
  arch: x86_64
  platform: linux
  license: GPL-3.0-only WITH GCC-exception-3.1
  license_family: GPL
  size: 848745
  timestamp: 1729027721139
- conda: https://conda.anaconda.org/conda-forge/noarch/libgcc-devel_linux-64-13.3.0-h84ea5a7_101.conda
  sha256: 027cfb011328a108bc44f512a2dec6d954db85709e0b79b748c3392f85de0c64
  md5: 0ce69d40c142915ac9734bc6134e514a
  depends:
  - __unix
  license: GPL-3.0-only WITH GCC-exception-3.1
  license_family: GPL
  size: 2598313
  timestamp: 1724801050802
- conda: https://conda.anaconda.org/conda-forge/linux-64/libgomp-14.2.0-h77fa898_1.conda
  sha256: 1911c29975ec99b6b906904040c855772ccb265a1c79d5d75c8ceec4ed89cd63
  md5: cc3573974587f12dda90d96e3e55a702
  depends:
  - _libgcc_mutex 0.1 conda_forge
  arch: x86_64
  platform: linux
  license: GPL-3.0-only WITH GCC-exception-3.1
  license_family: GPL
  size: 460992
  timestamp: 1729027639220
- conda: https://conda.anaconda.org/conda-forge/osx-arm64/libiconv-1.17-h0d3ecfb_2.conda
  sha256: bc7de5097b97bcafcf7deaaed505f7ce02f648aac8eccc0d5a47cc599a1d0304
  md5: 69bda57310071cf6d2b86caf11573d2d
  arch: arm64
  platform: osx
  license: LGPL-2.1-only
  size: 676469
  timestamp: 1702682458114
- conda: https://conda.anaconda.org/conda-forge/osx-arm64/libllvm17-17.0.6-h5090b49_2.conda
  sha256: 5829e490e395d85442fb6c7edb0ec18d1a5bb1bc529919a89337d34235205064
  md5: 443b26505722696a9535732bc2a07576
  depends:
  - __osx >=11.0
  - libcxx >=16
  - libxml2 >=2.12.7,<3.0a0
  - libzlib >=1.3.1,<2.0a0
  - zstd >=1.5.6,<1.6.0a0
  arch: arm64
  platform: osx
  license: Apache-2.0 WITH LLVM-exception
  license_family: Apache
  size: 24612870
  timestamp: 1718320971519
- conda: https://conda.anaconda.org/conda-forge/osx-arm64/liblzma-5.6.3-h39f12f2_1.conda
  sha256: d863b8257406918ffdc50ae65502f2b2d6cede29404d09a094f59509d6a0aaf1
  md5: b2553114a7f5e20ccd02378a77d836aa
  depends:
  - __osx >=11.0
  arch: arm64
  platform: osx
  license: 0BSD
  size: 99129
  timestamp: 1733407496073
- conda: https://conda.anaconda.org/conda-forge/linux-64/libsanitizer-13.3.0-heb74ff8_1.conda
  sha256: c86d130f0a3099e46ff51aa7ffaab73cb44fc420d27a96076aab3b9a326fc137
  md5: c4cb22f270f501f5c59a122dc2adf20a
  depends:
  - libgcc >=13.3.0
  - libstdcxx >=13.3.0
  arch: x86_64
  platform: linux
  license: GPL-3.0-only WITH GCC-exception-3.1
  license_family: GPL
  size: 4133922
  timestamp: 1724801171589
- conda: https://conda.anaconda.org/conda-forge/linux-64/libstdcxx-14.2.0-hc0a3c3a_1.conda
  sha256: 4661af0eb9bdcbb5fb33e5d0023b001ad4be828fccdcc56500059d56f9869462
  md5: 234a5554c53625688d51062645337328
  depends:
  - libgcc 14.2.0 h77fa898_1
  arch: x86_64
  platform: linux
  license: GPL-3.0-only WITH GCC-exception-3.1
  license_family: GPL
  size: 3893695
  timestamp: 1729027746910
- conda: https://conda.anaconda.org/conda-forge/noarch/libstdcxx-devel_linux-64-13.3.0-h84ea5a7_101.conda
  sha256: 0a9226c1b994f996229ffb54fa40d608cd4e4b48e8dc73a66134bea8ce949412
  md5: 29b5a4ed4613fa81a07c21045e3f5bf6
  depends:
  - __unix
  license: GPL-3.0-only WITH GCC-exception-3.1
  license_family: GPL
  size: 14074676
  timestamp: 1724801075448
- conda: https://conda.anaconda.org/conda-forge/osx-arm64/libxml2-2.13.5-h178c5d8_1.conda
  sha256: d7af3f25a4cece170502acd38f2dafbea4521f373f46dcb28a37fbe6ac2da544
  md5: 3dc3cff0eca1640a6acbbfab2f78139e
  depends:
  - __osx >=11.0
  - icu >=75.1,<76.0a0
  - libiconv >=1.17,<2.0a0
  - liblzma >=5.6.3,<6.0a0
  - libzlib >=1.3.1,<2.0a0
  arch: arm64
  platform: osx
  license: MIT
  license_family: MIT
  size: 582898
  timestamp: 1733443841584
- conda: https://conda.anaconda.org/conda-forge/linux-64/libzlib-1.3.1-hb9d3cd8_2.conda
  sha256: d4bfe88d7cb447768e31650f06257995601f89076080e76df55e3112d4e47dc4
  md5: edb0dca6bc32e4f4789199455a1dbeb8
  depends:
  - __glibc >=2.17,<3.0.a0
  - libgcc >=13
  constrains:
  - zlib 1.3.1 *_2
  arch: x86_64
  platform: linux
  license: Zlib
  license_family: Other
  size: 60963
  timestamp: 1727963148474
- conda: https://conda.anaconda.org/conda-forge/osx-arm64/libzlib-1.3.1-h8359307_2.conda
  sha256: ce34669eadaba351cd54910743e6a2261b67009624dbc7daeeafdef93616711b
  md5: 369964e85dc26bfe78f41399b366c435
  depends:
  - __osx >=11.0
  constrains:
  - zlib 1.3.1 *_2
  arch: arm64
  platform: osx
  license: Zlib
  license_family: Other
  size: 46438
  timestamp: 1727963202283
- conda: https://conda.anaconda.org/conda-forge/osx-arm64/llvm-openmp-19.1.5-hdb05f8b_0.conda
  sha256: e7ba0d8b718925efdcf1309f5e776e3264cc172d3af8d4048b39627c50a1abc0
  md5: f2c2e187a1d2637d282e34dc92021a70
  depends:
  - __osx >=11.0
  constrains:
  - openmp 19.1.5|19.1.5.*
  arch: arm64
  platform: osx
  license: Apache-2.0 WITH LLVM-exception
  license_family: APACHE
  size: 281120
  timestamp: 1733376089600
- conda: https://conda.anaconda.org/conda-forge/osx-arm64/llvm-tools-17.0.6-h5090b49_2.conda
  sha256: a8011fffc1ab3b49f2027fbdba0887e90a2d288240484a4ba4c1b80617522541
  md5: df635fb4c27fc012c0caf53adf61f043
  depends:
  - __osx >=11.0
  - libllvm17 17.0.6 h5090b49_2
  - libxml2 >=2.12.7,<3.0a0
  - libzlib >=1.3.1,<2.0a0
  - zstd >=1.5.6,<1.6.0a0
  constrains:
  - clang-tools 17.0.6
  - llvm        17.0.6
  - llvmdev     17.0.6
  - clang       17.0.6
  arch: arm64
  platform: osx
  license: Apache-2.0 WITH LLVM-exception
  license_family: Apache
  size: 21864486
  timestamp: 1718321368877
- conda: https://conda.anaconda.org/conda-forge/osx-arm64/ncurses-6.5-h7bae524_1.conda
  sha256: 27d0b9ff78ad46e1f3a6c96c479ab44beda5f96def88e2fe626e0a49429d8afc
  md5: cb2b0ea909b97b3d70cd3921d1445e1a
  depends:
  - __osx >=11.0
  arch: arm64
  platform: osx
  license: X11 AND BSD-3-Clause
  size: 802321
  timestamp: 1724658775723
- conda: https://conda.anaconda.org/conda-forge/osx-arm64/openssl-3.4.0-h39f12f2_0.conda
  sha256: bd1d58ced46e75efa3b842c61642fd12272c69e9fe4d7261078bc082153a1d53
  md5: df307bbc703324722df0293c9ca2e418
  depends:
  - __osx >=11.0
  - ca-certificates
  arch: arm64
  platform: osx
  license: Apache-2.0
  license_family: Apache
  size: 2935176
  timestamp: 1731377561525
- conda: https://conda.anaconda.org/conda-forge/linux-64/rust-1.82.0-h1a8d7c4_1.conda
  sha256: 66a451f6e0300242cb0e014ba49155bf6d7bfb896ceb0805ba3d5d39cd29bb85
  md5: 56bb3e7d0ebe7d64b186c91460896061
  depends:
  - __glibc >=2.17,<3.0.a0
  - gcc_impl_linux-64
  - libgcc >=13
  - libzlib >=1.3.1,<2.0a0
  - rust-std-x86_64-unknown-linux-gnu 1.82.0 h2c6d0dc_1
  - sysroot_linux-64 >=2.17
  arch: x86_64
  platform: linux
  license: MIT
  license_family: MIT
  size: 209712025
  timestamp: 1732290451631
- conda: https://conda.anaconda.org/conda-forge/osx-arm64/rust-1.82.0-h4ff7c5d_1.conda
  sha256: fcfec44ef5ffbc21877e71d7f90cc769afd100c869d5e28046777c8cba166085
  md5: ed535db571baba41084be86a77e7b203
  depends:
  - rust-std-aarch64-apple-darwin 1.82.0 hf6ec828_1
  arch: arm64
  platform: osx
  license: MIT
  license_family: MIT
  size: 207135850
  timestamp: 1732292697729
- conda: https://conda.anaconda.org/conda-forge/win-64/rust-1.82.0-hf8d6059_1.conda
  sha256: 17fd751a3f142ef2ebaa8a2abca52e9528a3c1346d4e63a375d133ca376bd775
  md5: e0f8f6ac959c61657b27cdc250c84320
  depends:
  - rust-std-x86_64-pc-windows-msvc 1.82.0 h17fc481_1
  arch: x86_64
  platform: win
  license: MIT
  license_family: MIT
  size: 206098437
  timestamp: 1732292818770
- conda: https://conda.anaconda.org/conda-forge/noarch/rust-std-aarch64-apple-darwin-1.82.0-hf6ec828_1.conda
  sha256: e55150bd9e2b6a96107695f053d41bf90b1dd63603fcc0f33b59e15ea2700f42
  md5: 1ca87679fee183272aec5a1275159d16
  depends:
  - __unix
  constrains:
  - rust >=1.82.0,<1.82.1.0a0
  license: MIT
  license_family: MIT
  size: 31712084
  timestamp: 1732289518031
- conda: https://conda.anaconda.org/conda-forge/noarch/rust-std-x86_64-pc-windows-msvc-1.82.0-h17fc481_1.conda
  sha256: 288accf5277215bd8120618e70b03ad7bd5baf224366e9aef1c53333928cc552
  md5: 281210e082a9eee66c44e3f49b35ab74
  depends:
  - __win
  constrains:
  - rust >=1.82.0,<1.82.1.0a0
  license: MIT
  license_family: MIT
  size: 26940418
  timestamp: 1732292544591
- conda: https://conda.anaconda.org/conda-forge/noarch/rust-std-x86_64-unknown-linux-gnu-1.82.0-h2c6d0dc_1.conda
  sha256: 0e1bacf2c4255a441cdf1f65dc9e08d4d45cd766faa3b863eddc0fbaf21c6278
  md5: 797bdcc4b29772949a21f951265fceb3
  depends:
  - __unix
  constrains:
  - rust >=1.82.0,<1.82.1.0a0
  license: MIT
  license_family: MIT
  size: 35921074
  timestamp: 1732290266047
- conda: https://conda.anaconda.org/conda-forge/osx-arm64/sigtool-0.1.3-h44b9a77_0.tar.bz2
  sha256: 70791ae00a3756830cb50451db55f63e2a42a2fa2a8f1bab1ebd36bbb7d55bff
  md5: 4a2cac04f86a4540b8c9b8d8f597848f
  depends:
  - openssl >=3.0.0,<4.0a0
  arch: arm64
  platform: osx
  license: MIT
  license_family: MIT
  size: 210264
  timestamp: 1643442231687
- conda: https://conda.anaconda.org/conda-forge/noarch/sysroot_linux-64-2.17-h4a8ded7_18.conda
  sha256: 23c7ab371c1b74d01a187e05aa7240e3f5654599e364a9adff7f0b02e26f471f
  md5: 0ea96f90a10838f58412aa84fdd9df09
  depends:
  - kernel-headers_linux-64 3.10.0 he073ed8_18
  - tzdata
  license: LGPL-2.0-or-later AND LGPL-2.0-or-later WITH exceptions AND GPL-2.0-or-later AND MPL-2.0
  license_family: GPL
  size: 15500960
  timestamp: 1729794510631
- conda: https://conda.anaconda.org/conda-forge/osx-arm64/tapi-1300.6.5-h03f4b80_0.conda
  sha256: 37cd4f62ec023df8a6c6f9f6ffddde3d6620a83cbcab170a8fff31ef944402e5
  md5: b703bc3e6cba5943acf0e5f987b5d0e2
  depends:
  - __osx >=11.0
  - libcxx >=17.0.0.a0
  - ncurses >=6.5,<7.0a0
  arch: arm64
  platform: osx
  license: NCSA
  license_family: MIT
  size: 207679
  timestamp: 1725491499758
- conda: https://conda.anaconda.org/conda-forge/noarch/tzdata-2024b-hc8b5060_0.conda
  sha256: 4fde5c3008bf5d2db82f2b50204464314cc3c91c1d953652f7bd01d9e52aefdf
  md5: 8ac3367aafb1cc0a068483c580af8015
  license: LicenseRef-Public-Domain
  size: 122354
  timestamp: 1728047496079
- conda: https://conda.anaconda.org/conda-forge/win-64/vs2019_win-64-19.29.30139-he1865b1_23.conda
  sha256: c41039f7f19a6570ad2af6ef7a8534111fe1e6157b187505fb81265d755bb825
  md5: 245e19dde23580d186b11a29bfd3b99e
  depends:
  - vswhere
  constrains:
  - vs_win-64 2019.11
  arch: x86_64
  platform: win
  track_features:
  - vc14
  license: BSD-3-Clause
  license_family: BSD
  size: 20163
  timestamp: 1731710669471
- conda: https://conda.anaconda.org/conda-forge/win-64/vswhere-3.1.7-h57928b3_0.conda
  sha256: 8caeda9c0898cb8ee2cf4f45640dbbbdf772ddc01345cfb0f7b352c58b4d8025
  md5: ba83df93b48acfc528f5464c9a882baa
  arch: x86_64
  platform: win
  license: MIT
  license_family: MIT
  size: 219013
  timestamp: 1719460515960
- conda: https://conda.anaconda.org/conda-forge/osx-arm64/zstd-1.5.6-hb46c0d2_0.conda
  sha256: 2d4fd1ff7ee79cd954ca8e81abf11d9d49954dd1fef80f27289e2402ae9c2e09
  md5: d96942c06c3e84bfcc5efb038724a7fd
  depends:
  - __osx >=11.0
  - libzlib >=1.2.13,<2.0.0a0
  arch: arm64
  platform: osx
  license: BSD-3-Clause
  license_family: BSD
  size: 405089
  timestamp: 1714723101397
